
Microsoft Visual Studio Solution File, Format Version 12.00
# Visual Studio Version 16
VisualStudioVersion = 16.0.30621.155
MinimumVisualStudioVersion = 10.0.40219.1
Project("{8BC9CEB8-8B4A-11D0-8D11-00A0C91BC942}") = "PPPP.Tkach.Lab2", "PPPP.Tkach.Lab2\PPPP.Tkach.Lab2.vcxproj", "{7976E954-7DED-4828-917C-5D8CEB46EDB0}"
EndProject
Project("{8BC9CEB8-8B4A-11D0-8D11-00A0C91BC942}") = "UnitTest", "UnitTest\UnitTest.vcxproj", "{CFC15063-2827-4629-9E43-760EA1D75C19}"
EndProject
Global
	GlobalSection(SolutionConfigurationPlatforms) = preSolution
		Debug|x64 = Debug|x64
		Debug|x86 = Debug|x86
		Release|x64 = Release|x64
		Release|x86 = Release|x86
	EndGlobalSection
	GlobalSection(ProjectConfigurationPlatforms) = postSolution
		{7976E954-7DED-4828-917C-5D8CEB46EDB0}.Debug|x64.ActiveCfg = Debug|x64
		{7976E954-7DED-4828-917C-5D8CEB46EDB0}.Debug|x64.Build.0 = Debug|x64
		{7976E954-7DED-4828-917C-5D8CEB46EDB0}.Debug|x86.ActiveCfg = Debug|Win32
		{7976E954-7DED-4828-917C-5D8CEB46EDB0}.Debug|x86.Build.0 = Debug|Win32
		{7976E954-7DED-4828-917C-5D8CEB46EDB0}.Release|x64.ActiveCfg = Release|x64
		{7976E954-7DED-4828-917C-5D8CEB46EDB0}.Release|x64.Build.0 = Release|x64
		{7976E954-7DED-4828-917C-5D8CEB46EDB0}.Release|x86.ActiveCfg = Release|Win32
		{7976E954-7DED-4828-917C-5D8CEB46EDB0}.Release|x86.Build.0 = Release|Win32
		{CFC15063-2827-4629-9E43-760EA1D75C19}.Debug|x64.ActiveCfg = Debug|x64
		{CFC15063-2827-4629-9E43-760EA1D75C19}.Debug|x64.Build.0 = Debug|x64
		{CFC15063-2827-4629-9E43-760EA1D75C19}.Debug|x86.ActiveCfg = Debug|Win32
		{CFC15063-2827-4629-9E43-760EA1D75C19}.Debug|x86.Build.0 = Debug|Win32
		{CFC15063-2827-4629-9E43-760EA1D75C19}.Release|x64.ActiveCfg = Release|x64
		{CFC15063-2827-4629-9E43-760EA1D75C19}.Release|x64.Build.0 = Release|x64
		{CFC15063-2827-4629-9E43-760EA1D75C19}.Release|x86.ActiveCfg = Release|Win32
		{CFC15063-2827-4629-9E43-760EA1D75C19}.Release|x86.Build.0 = Release|Win32
	EndGlobalSection
	GlobalSection(SolutionProperties) = preSolution
		HideSolutionNode = FALSE
	EndGlobalSection
	GlobalSection(ExtensibilityGlobals) = postSolution
		SolutionGuid = {622F2FF4-BCB2-41F0-92B5-E12DCB6BBB7E}
	EndGlobalSection
EndGlobal
