
Microsoft Visual Studio Solution File, Format Version 12.00
# Visual Studio Version 16
VisualStudioVersion = 16.0.30621.155
MinimumVisualStudioVersion = 10.0.40219.1
Project("{8BC9CEB8-8B4A-11D0-8D11-00A0C91BC942}") = "Tkach.Lab2", "Tkach.Lab2\Tkach.Lab2.vcxproj", "{8A4BEA83-1BBD-4E6E-B4ED-5C0BA531178F}"
EndProject
Global
	GlobalSection(SolutionConfigurationPlatforms) = preSolution
		Debug|x64 = Debug|x64
		Debug|x86 = Debug|x86
		Release|x64 = Release|x64
		Release|x86 = Release|x86
	EndGlobalSection
	GlobalSection(ProjectConfigurationPlatforms) = postSolution
		{8A4BEA83-1BBD-4E6E-B4ED-5C0BA531178F}.Debug|x64.ActiveCfg = Debug|x64
		{8A4BEA83-1BBD-4E6E-B4ED-5C0BA531178F}.Debug|x64.Build.0 = Debug|x64
		{8A4BEA83-1BBD-4E6E-B4ED-5C0BA531178F}.Debug|x86.ActiveCfg = Debug|Win32
		{8A4BEA83-1BBD-4E6E-B4ED-5C0BA531178F}.Debug|x86.Build.0 = Debug|Win32
		{8A4BEA83-1BBD-4E6E-B4ED-5C0BA531178F}.Release|x64.ActiveCfg = Release|x64
		{8A4BEA83-1BBD-4E6E-B4ED-5C0BA531178F}.Release|x64.Build.0 = Release|x64
		{8A4BEA83-1BBD-4E6E-B4ED-5C0BA531178F}.Release|x86.ActiveCfg = Release|Win32
		{8A4BEA83-1BBD-4E6E-B4ED-5C0BA531178F}.Release|x86.Build.0 = Release|Win32
	EndGlobalSection
	GlobalSection(SolutionProperties) = preSolution
		HideSolutionNode = FALSE
	EndGlobalSection
	GlobalSection(ExtensibilityGlobals) = postSolution
		SolutionGuid = {071E23A1-101E-44D7-8CF6-6DF1592EA881}
	EndGlobalSection
EndGlobal
