
Microsoft Visual Studio Solution File, Format Version 12.00
# Visual Studio Version 16
VisualStudioVersion = 16.0.30621.155
MinimumVisualStudioVersion = 10.0.40219.1
Project("{FAE04EC0-301F-11D3-BF4B-00C04F79EFBC}") = "Tkach.Lab3.Composite", "Tkach.Lab3.Composite\Tkach.Lab3.Composite.csproj", "{C7ACB00B-DDCD-48DC-B399-9F34AB47F4BC}"
EndProject
Global
	GlobalSection(SolutionConfigurationPlatforms) = preSolution
		Debug|Any CPU = Debug|Any CPU
		Release|Any CPU = Release|Any CPU
	EndGlobalSection
	GlobalSection(ProjectConfigurationPlatforms) = postSolution
		{C7ACB00B-DDCD-48DC-B399-9F34AB47F4BC}.Debug|Any CPU.ActiveCfg = Debug|Any CPU
		{C7ACB00B-DDCD-48DC-B399-9F34AB47F4BC}.Debug|Any CPU.Build.0 = Debug|Any CPU
		{C7ACB00B-DDCD-48DC-B399-9F34AB47F4BC}.Release|Any CPU.ActiveCfg = Release|Any CPU
		{C7ACB00B-DDCD-48DC-B399-9F34AB47F4BC}.Release|Any CPU.Build.0 = Release|Any CPU
	EndGlobalSection
	GlobalSection(SolutionProperties) = preSolution
		HideSolutionNode = FALSE
	EndGlobalSection
	GlobalSection(ExtensibilityGlobals) = postSolution
		SolutionGuid = {6C380AFB-0008-4BC0-AF61-691CB4C62C3A}
	EndGlobalSection
EndGlobal
