
Microsoft Visual Studio Solution File, Format Version 12.00
# Visual Studio Version 16
VisualStudioVersion = 16.0.30621.155
MinimumVisualStudioVersion = 10.0.40219.1
Project("{FAE04EC0-301F-11D3-BF4B-00C04F79EFBC}") = "Tkach.Lab1.AbstractFactory_Singleton", "Tkach.Lab1.AbstractFactory_Singleton\Tkach.Lab1.AbstractFactory_Singleton.csproj", "{EB543727-A9E9-4DD2-AC13-6D41577451D9}"
EndProject
Global
	GlobalSection(SolutionConfigurationPlatforms) = preSolution
		Debug|Any CPU = Debug|Any CPU
		Release|Any CPU = Release|Any CPU
	EndGlobalSection
	GlobalSection(ProjectConfigurationPlatforms) = postSolution
		{EB543727-A9E9-4DD2-AC13-6D41577451D9}.Debug|Any CPU.ActiveCfg = Debug|Any CPU
		{EB543727-A9E9-4DD2-AC13-6D41577451D9}.Debug|Any CPU.Build.0 = Debug|Any CPU
		{EB543727-A9E9-4DD2-AC13-6D41577451D9}.Release|Any CPU.ActiveCfg = Release|Any CPU
		{EB543727-A9E9-4DD2-AC13-6D41577451D9}.Release|Any CPU.Build.0 = Release|Any CPU
	EndGlobalSection
	GlobalSection(SolutionProperties) = preSolution
		HideSolutionNode = FALSE
	EndGlobalSection
	GlobalSection(ExtensibilityGlobals) = postSolution
		SolutionGuid = {EE4555BD-1FBD-4EAE-9468-7A785BB4CB55}
	EndGlobalSection
EndGlobal
